
Microsoft Visual Studio Solution File, Format Version 12.00
# Visual Studio Version 16
VisualStudioVersion = 16.0.31729.503
MinimumVisualStudioVersion = 10.0.40219.1
Project("{FAE04EC0-301F-11D3-BF4B-00C04F79EFBC}") = "VibeSaber", "VibeSaber.csproj", "{EB3E0A08-EACA-4543-A4DF-92B3C6065172}"
	ProjectSection(ProjectDependencies) = postProject
		{3A5DD75A-763A-4E09-9A14-46EA15344623} = {3A5DD75A-763A-4E09-9A14-46EA15344623}
	EndProjectSection
EndProject
Project("{9A19103F-16F7-4668-BE54-9A1E7A4F7556}") = "Buttplug", "lib\buttplug-rs-ffi\csharp\ButtplugCSharpFFI\Buttplug.csproj", "{3A5DD75A-763A-4E09-9A14-46EA15344623}"
EndProject
Global
	GlobalSection(SolutionConfigurationPlatforms) = preSolution
		Debug|Any CPU = Debug|Any CPU
		Debug|x64 = Debug|x64
		Release|Any CPU = Release|Any CPU
		Release|x64 = Release|x64
	EndGlobalSection
	GlobalSection(ProjectConfigurationPlatforms) = postSolution
		{EB3E0A08-EACA-4543-A4DF-92B3C6065172}.Debug|Any CPU.ActiveCfg = Debug|Any CPU
		{EB3E0A08-EACA-4543-A4DF-92B3C6065172}.Debug|Any CPU.Build.0 = Debug|Any CPU
		{EB3E0A08-EACA-4543-A4DF-92B3C6065172}.Debug|x64.ActiveCfg = Debug|Any CPU
		{EB3E0A08-EACA-4543-A4DF-92B3C6065172}.Debug|x64.Build.0 = Debug|Any CPU
		{EB3E0A08-EACA-4543-A4DF-92B3C6065172}.Release|Any CPU.ActiveCfg = Release|Any CPU
		{EB3E0A08-EACA-4543-A4DF-92B3C6065172}.Release|Any CPU.Build.0 = Release|Any CPU
		{EB3E0A08-EACA-4543-A4DF-92B3C6065172}.Release|x64.ActiveCfg = Release|Any CPU
		{EB3E0A08-EACA-4543-A4DF-92B3C6065172}.Release|x64.Build.0 = Release|Any CPU
		{3A5DD75A-763A-4E09-9A14-46EA15344623}.Debug|Any CPU.ActiveCfg = Debug|Any CPU
		{3A5DD75A-763A-4E09-9A14-46EA15344623}.Debug|Any CPU.Build.0 = Debug|Any CPU
		{3A5DD75A-763A-4E09-9A14-46EA15344623}.Debug|x64.ActiveCfg = Debug|x64
		{3A5DD75A-763A-4E09-9A14-46EA15344623}.Debug|x64.Build.0 = Debug|x64
		{3A5DD75A-763A-4E09-9A14-46EA15344623}.Release|Any CPU.ActiveCfg = Release|Any CPU
		{3A5DD75A-763A-4E09-9A14-46EA15344623}.Release|Any CPU.Build.0 = Release|Any CPU
		{3A5DD75A-763A-4E09-9A14-46EA15344623}.Release|x64.ActiveCfg = Release|x64
		{3A5DD75A-763A-4E09-9A14-46EA15344623}.Release|x64.Build.0 = Release|x64
	EndGlobalSection
	GlobalSection(SolutionProperties) = preSolution
		HideSolutionNode = FALSE
	EndGlobalSection
	GlobalSection(ExtensibilityGlobals) = postSolution
		SolutionGuid = {135B2D9E-99E6-4BB4-BEB5-8F36A3758C24}
	EndGlobalSection
EndGlobal
